
Microsoft Visual Studio Solution File, Format Version 12.00
# Visual Studio Version 17
VisualStudioVersion = 17.6.33815.320
MinimumVisualStudioVersion = 10.0.40219.1
Project("{FAE04EC0-301F-11D3-BF4B-00C04F79EFBC}") = "OTPSettings", "OTPSettings.csproj", "{3F5F4657-0EEC-48AF-9BA1-4152A73DC15E}"
EndProject
Global
	GlobalSection(SolutionConfigurationPlatforms) = preSolution
		Debug|Any CPU = Debug|Any CPU
		Release|Any CPU = Release|Any CPU
	EndGlobalSection
	GlobalSection(ProjectConfigurationPlatforms) = postSolution
		{3F5F4657-0EEC-48AF-9BA1-4152A73DC15E}.Debug|Any CPU.ActiveCfg = Debug|Any CPU
		{3F5F4657-0EEC-48AF-9BA1-4152A73DC15E}.Debug|Any CPU.Build.0 = Debug|Any CPU
		{3F5F4657-0EEC-48AF-9BA1-4152A73DC15E}.Release|Any CPU.ActiveCfg = Release|Any CPU
		{3F5F4657-0EEC-48AF-9BA1-4152A73DC15E}.Release|Any CPU.Build.0 = Release|Any CPU
	EndGlobalSection
	GlobalSection(SolutionProperties) = preSolution
		HideSolutionNode = FALSE
	EndGlobalSection
	GlobalSection(ExtensibilityGlobals) = postSolution
		SolutionGuid = {B9EB3517-DF32-4500-B881-A98FAD74EE13}
	EndGlobalSection
EndGlobal
